
Microsoft Visual Studio Solution File, Format Version 12.00
# Visual Studio Version 17
VisualStudioVersion = 17.4.33213.308
MinimumVisualStudioVersion = 10.0.40219.1
Project("{FAE04EC0-301F-11D3-BF4B-00C04F79EFBC}") = "CapaPresentacion", "CapaPresentacion\CapaPresentacion.csproj", "{06C32AC8-15E0-4560-8BBE-3EE832A6D6B2}"
EndProject
Project("{FAE04EC0-301F-11D3-BF4B-00C04F79EFBC}") = "CapaNegocio", "CapaNegocio\CapaNegocio.csproj", "{EDB7DAC0-8DD5-45DD-B6F6-DF624909B1B9}"
EndProject
Project("{FAE04EC0-301F-11D3-BF4B-00C04F79EFBC}") = "CapaDatos", "CapaDatos\CapaDatos.csproj", "{ACE8BD75-5D1E-4058-8CB8-5354CCBDD657}"
EndProject
Global
	GlobalSection(SolutionConfigurationPlatforms) = preSolution
		Debug|Any CPU = Debug|Any CPU
		Release|Any CPU = Release|Any CPU
	EndGlobalSection
	GlobalSection(ProjectConfigurationPlatforms) = postSolution
		{06C32AC8-15E0-4560-8BBE-3EE832A6D6B2}.Debug|Any CPU.ActiveCfg = Debug|Any CPU
		{06C32AC8-15E0-4560-8BBE-3EE832A6D6B2}.Debug|Any CPU.Build.0 = Debug|Any CPU
		{06C32AC8-15E0-4560-8BBE-3EE832A6D6B2}.Release|Any CPU.ActiveCfg = Release|Any CPU
		{06C32AC8-15E0-4560-8BBE-3EE832A6D6B2}.Release|Any CPU.Build.0 = Release|Any CPU
		{EDB7DAC0-8DD5-45DD-B6F6-DF624909B1B9}.Debug|Any CPU.ActiveCfg = Debug|Any CPU
		{EDB7DAC0-8DD5-45DD-B6F6-DF624909B1B9}.Debug|Any CPU.Build.0 = Debug|Any CPU
		{EDB7DAC0-8DD5-45DD-B6F6-DF624909B1B9}.Release|Any CPU.ActiveCfg = Release|Any CPU
		{EDB7DAC0-8DD5-45DD-B6F6-DF624909B1B9}.Release|Any CPU.Build.0 = Release|Any CPU
		{ACE8BD75-5D1E-4058-8CB8-5354CCBDD657}.Debug|Any CPU.ActiveCfg = Debug|Any CPU
		{ACE8BD75-5D1E-4058-8CB8-5354CCBDD657}.Debug|Any CPU.Build.0 = Debug|Any CPU
		{ACE8BD75-5D1E-4058-8CB8-5354CCBDD657}.Release|Any CPU.ActiveCfg = Release|Any CPU
		{ACE8BD75-5D1E-4058-8CB8-5354CCBDD657}.Release|Any CPU.Build.0 = Release|Any CPU
	EndGlobalSection
	GlobalSection(SolutionProperties) = preSolution
		HideSolutionNode = FALSE
	EndGlobalSection
	GlobalSection(ExtensibilityGlobals) = postSolution
		SolutionGuid = {F16023B8-2E57-418C-A00F-60D76A92575B}
	EndGlobalSection
EndGlobal
